lockfileVersion: '9.0'

settings:
  autoInstallPeers: true
  excludeLinksFromLockfile: false

importers:

  .:
    dependencies:
      yaml:
        specifier: ^2.4.5
        version: 2.4.5
      zx:
        specifier: ^8.1.2
        version: 8.1.2

packages:

  '@types/fs-extra@11.0.4':
    resolution: {integrity: sha512-yTbItCNreRooED33qjunPthRcSjERP1r4MqCZc7wv0u2sUkzTFp45tgUfS5+r7FrZPdmCCNflLhVSP/o+SemsQ==}

  '@types/jsonfile@6.1.4':
    resolution: {integrity: sha512-D5qGUYwjvnNNextdU59/+fI+spnwtTFmyQP0h+PfIOSkNfpU6AOICUOkm4i0OnSk+NyjdPJrxCDro0sJsWlRpQ==}

  '@types/node@20.14.6':
    resolution: {integrity: sha512-JbA0XIJPL1IiNnU7PFxDXyfAwcwVVrOoqyzzyQTyMeVhBzkJVMSkC1LlVsRQ2lpqiY4n6Bb9oCS6lzDKVQxbZw==}

  undici-types@5.26.5:
    resolution: {integrity: sha512-JlCMO+ehdEIKqlFxk6IfVoAUVmgz7cU7zD/h9XZ0qzeosSHmUJVOzSQvvYSYWXkFXC+IfLKSIffhv0sVZup6pA==}

  yaml@2.4.5:
    resolution: {integrity: sha512-aBx2bnqDzVOyNKfsysjA2ms5ZlnjSAW2eG3/L5G/CSujfjLJTJsEw1bGw8kCf04KodQWk1pxlGnZ56CRxiawmg==}
    engines: {node: '>= 14'}
    hasBin: true

  zx@8.1.2:
    resolution: {integrity: sha512-zkCiXKh8D/eo6r58OmJvO5mc2NthcSRvysb3fuS6VQlHPbEPBcxduRwM3m6ZfHj+7cLHcrahCnuO2TDAbW+6xw==}
    engines: {node: '>= 12.17.0'}
    hasBin: true

snapshots:

  '@types/fs-extra@11.0.4':
    dependencies:
      '@types/jsonfile': 6.1.4
      '@types/node': 20.14.6
    optional: true

  '@types/jsonfile@6.1.4':
    dependencies:
      '@types/node': 20.14.6
    optional: true

  '@types/node@20.14.6':
    dependencies:
      undici-types: 5.26.5
    optional: true

  undici-types@5.26.5:
    optional: true

  yaml@2.4.5: {}

  zx@8.1.2:
    optionalDependencies:
      '@types/fs-extra': 11.0.4
      '@types/node': 20.14.6
